
Microsoft Visual Studio Solution File, Format Version 12.00
# Visual Studio Version 17
VisualStudioVersion = 17.7.34031.279
MinimumVisualStudioVersion = 10.0.40219.1
Project("{8BC9CEB8-8B4A-11D0-8D11-00A0C91BC942}") = "Упражнение 01", "Lab 01.Nicole.Ch.G\Lab 01.Nicole.Ch.G.vcxproj", "{B922C42F-BBAB-4B05-9A50-57D508AC7517}"
EndProject
Project("{8BC9CEB8-8B4A-11D0-8D11-00A0C91BC942}") = "Упражнение 02", "Упражнение 02\Упражнение 02.vcxproj", "{FC8B9F24-C894-4622-A8D7-9915FE608C0D}"
EndProject
Global
	GlobalSection(SolutionConfigurationPlatforms) = preSolution
		Debug|x64 = Debug|x64
		Debug|x86 = Debug|x86
		Release|x64 = Release|x64
		Release|x86 = Release|x86
	EndGlobalSection
	GlobalSection(ProjectConfigurationPlatforms) = postSolution
		{B922C42F-BBAB-4B05-9A50-57D508AC7517}.Debug|x64.ActiveCfg = Debug|x64
		{B922C42F-BBAB-4B05-9A50-57D508AC7517}.Debug|x64.Build.0 = Debug|x64
		{B922C42F-BBAB-4B05-9A50-57D508AC7517}.Debug|x86.ActiveCfg = Debug|Win32
		{B922C42F-BBAB-4B05-9A50-57D508AC7517}.Debug|x86.Build.0 = Debug|Win32
		{B922C42F-BBAB-4B05-9A50-57D508AC7517}.Release|x64.ActiveCfg = Release|x64
		{B922C42F-BBAB-4B05-9A50-57D508AC7517}.Release|x64.Build.0 = Release|x64
		{B922C42F-BBAB-4B05-9A50-57D508AC7517}.Release|x86.ActiveCfg = Release|Win32
		{B922C42F-BBAB-4B05-9A50-57D508AC7517}.Release|x86.Build.0 = Release|Win32
		{FC8B9F24-C894-4622-A8D7-9915FE608C0D}.Debug|x64.ActiveCfg = Debug|x64
		{FC8B9F24-C894-4622-A8D7-9915FE608C0D}.Debug|x64.Build.0 = Debug|x64
		{FC8B9F24-C894-4622-A8D7-9915FE608C0D}.Debug|x86.ActiveCfg = Debug|Win32
		{FC8B9F24-C894-4622-A8D7-9915FE608C0D}.Debug|x86.Build.0 = Debug|Win32
		{FC8B9F24-C894-4622-A8D7-9915FE608C0D}.Release|x64.ActiveCfg = Release|x64
		{FC8B9F24-C894-4622-A8D7-9915FE608C0D}.Release|x64.Build.0 = Release|x64
		{FC8B9F24-C894-4622-A8D7-9915FE608C0D}.Release|x86.ActiveCfg = Release|Win32
		{FC8B9F24-C894-4622-A8D7-9915FE608C0D}.Release|x86.Build.0 = Release|Win32
	EndGlobalSection
	GlobalSection(SolutionProperties) = preSolution
		HideSolutionNode = FALSE
	EndGlobalSection
	GlobalSection(ExtensibilityGlobals) = postSolution
		SolutionGuid = {BCAEED3D-D43F-47CF-AA4B-136519800931}
	EndGlobalSection
EndGlobal
